{
  "version": 4,
  "terraform_version": "1.5.7",
  "serial": 80,
  "lineage": "e6847a38-b477-f6f1-2b9b-4aac9960e078",
  "outputs": {
    "external_ip_address_agent_yandex_cloud": {
      "value": [
        [
          "51.250.79.243",
          "84.201.172.173",
          "62.84.116.217"
        ]
      ],
      "type": [
        "tuple",
        [
          [
            "tuple",
            [
              "string",
              "string",
              "string"
            ]
          ]
        ]
      ]
    },
    "external_ip_address_manager_yandex_cloud": {
      "value": [
        [
          "158.160.57.36",
          "158.160.50.36",
          "62.84.124.20"
        ]
      ],
      "type": [
        "tuple",
        [
          [
            "tuple",
            [
              "string",
              "string",
              "string"
            ]
          ]
        ]
      ]
    },
    "internal_ip_address_agent_yandex_cloud": {
      "value": [
        [
          "192.168.101.16",
          "192.168.101.29",
          "192.168.101.37"
        ]
      ],
      "type": [
        "tuple",
        [
          [
            "tuple",
            [
              "string",
              "string",
              "string"
            ]
          ]
        ]
      ]
    },
    "internal_ip_address_manager_yandex_cloud": {
      "value": [
        [
          "192.168.101.10",
          "192.168.101.26",
          "192.168.101.18"
        ]
      ],
      "type": [
        "tuple",
        [
          [
            "tuple",
            [
              "string",
              "string",
              "string"
            ]
          ]
        ]
      ]
    }
  },
  "resources": [
    {
      "mode": "managed",
      "type": "yandex_compute_instance",
      "name": "agent",
      "provider": "provider[\"registry.terraform.io/yandex-cloud/yandex\"]",
      "instances": [
        {
          "index_key": 0,
          "schema_version": 1,
          "attributes": {
            "allow_recreate": null,
            "allow_stopping_for_update": true,
            "boot_disk": [
              {
                "auto_delete": true,
                "device_name": "fhmeqtl0iqhlo2nkag1t",
                "disk_id": "fhmeqtl0iqhlo2nkag1t",
                "initialize_params": [
                  {
                    "block_size": 4096,
                    "description": "",
                    "image_id": "fd8ff13fags9d90adpqu",
                    "name": "",
                    "size": 20,
                    "snapshot_id": "",
                    "type": "network-hdd"
                  }
                ],
                "mode": "READ_WRITE"
              }
            ],
            "created_at": "2023-09-10T01:40:25Z",
            "description": "",
            "filesystem": [],
            "folder_id": "b1gbcs2gb2i1shuj0hm7",
            "fqdn": "agent-01.ru-central1.internal",
            "gpu_cluster_id": "",
            "hostname": "agent-01",
            "id": "fhm80m25f9lr7etj5sv1",
            "labels": null,
            "local_disk": [],
            "metadata": {
              "ssh-keys": "cloud-user:ssh-rsa AAAAB3NzaC1yc2EAAAADAQABAAABgQDK3fAlai99a/pGYooYwmISWbJrwhdhDdBBdB3bfPzOmxXNP+XBWAgeE9LiBFag6YwAIpx3Bs4jhw4Zqdwa3oy+LfrtUoh8nnxvDQE9uZ8YMte9wbfsecGbVuSo0ImdiSOYcLynjeYqfLWn3wqbw2d/zqV5hzdHv1UlOw+PimBMyNrxv8yRaj57bny68fzeOam31HTBFFnAZ3hMJlI3M8sXLp3EeaItYLOy57DVtAQ+tX+DHfPAjkQYZx/fJQuXCKNe3pMOnc/pFFrgpjfPxAypVsiCVCqx8LGG6nG4pW1g6s5LSmexLO7U1khOGuiSSfYjpP3U7SNXTOM7UvMW6runBOt3Dr/WdcQASCFlBJIk2nxtE260QZI30ZZqetCsg2hmw2gS8+qxAH79/PZUD4uKZN8VqWJlCL7TDCNVSVDhRDI/pIRfz3rAKqPl0Ut7bf8HZ8j7VuMsUyANAxxJnRN8RUDnd2nJ5AZoyxniBay4oEnuEDLIXy0ZBMGBxYQikX0= demonium@Debian\n"
            },
            "metadata_options": [
              {
                "aws_v1_http_endpoint": 1,
                "aws_v1_http_token": 2,
                "gce_http_endpoint": 1,
                "gce_http_token": 1
              }
            ],
            "name": "agent-01",
            "network_acceleration_type": "standard",
            "network_interface": [
              {
                "dns_record": [],
                "index": 0,
                "ip_address": "192.168.101.16",
                "ipv4": true,
                "ipv6": false,
                "ipv6_address": "",
                "ipv6_dns_record": [],
                "mac_address": "d0:0d:80:58:45:7a",
                "nat": true,
                "nat_dns_record": [],
                "nat_ip_address": "51.250.79.243",
                "nat_ip_version": "IPV4",
                "security_group_ids": [],
                "subnet_id": "e9bm0rdm9ie40v0cmkbg"
              }
            ],
            "placement_policy": [
              {
                "host_affinity_rules": [],
                "placement_group_id": ""
              }
            ],
            "platform_id": "standard-v1",
            "resources": [
              {
                "core_fraction": 100,
                "cores": 2,
                "gpus": 0,
                "memory": 2
              }
            ],
            "scheduling_policy": [
              {
                "preemptible": false
              }
            ],
            "secondary_disk": [],
            "service_account_id": "",
            "status": "running",
            "timeouts": null,
            "zone": "ru-central1-a"
          },
          "sensitive_attributes": [],
          "private": "eyJlMmJmYjczMC1lY2FhLTExZTYtOGY4OC0zNDM2M2JjN2M0YzAiOnsiY3JlYXRlIjozMDAwMDAwMDAwMDAsImRlbGV0ZSI6MzAwMDAwMDAwMDAwLCJ1cGRhdGUiOjMwMDAwMDAwMDAwMH0sInNjaGVtYV92ZXJzaW9uIjoiMSJ9",
          "dependencies": [
            "yandex_vpc_subnet.default"
          ]
        },
        {
          "index_key": 1,
          "schema_version": 1,
          "attributes": {
            "allow_recreate": null,
            "allow_stopping_for_update": true,
            "boot_disk": [
              {
                "auto_delete": true,
                "device_name": "fhm56nc0aqhvosalllqi",
                "disk_id": "fhm56nc0aqhvosalllqi",
                "initialize_params": [
                  {
                    "block_size": 4096,
                    "description": "",
                    "image_id": "fd8ff13fags9d90adpqu",
                    "name": "",
                    "size": 20,
                    "snapshot_id": "",
                    "type": "network-hdd"
                  }
                ],
                "mode": "READ_WRITE"
              }
            ],
            "created_at": "2023-09-10T01:40:24Z",
            "description": "",
            "filesystem": [],
            "folder_id": "b1gbcs2gb2i1shuj0hm7",
            "fqdn": "agent-02.ru-central1.internal",
            "gpu_cluster_id": "",
            "hostname": "agent-02",
            "id": "fhmp28ta74hg5fs43e6v",
            "labels": null,
            "local_disk": [],
            "metadata": {
              "ssh-keys": "cloud-user:ssh-rsa AAAAB3NzaC1yc2EAAAADAQABAAABgQDK3fAlai99a/pGYooYwmISWbJrwhdhDdBBdB3bfPzOmxXNP+XBWAgeE9LiBFag6YwAIpx3Bs4jhw4Zqdwa3oy+LfrtUoh8nnxvDQE9uZ8YMte9wbfsecGbVuSo0ImdiSOYcLynjeYqfLWn3wqbw2d/zqV5hzdHv1UlOw+PimBMyNrxv8yRaj57bny68fzeOam31HTBFFnAZ3hMJlI3M8sXLp3EeaItYLOy57DVtAQ+tX+DHfPAjkQYZx/fJQuXCKNe3pMOnc/pFFrgpjfPxAypVsiCVCqx8LGG6nG4pW1g6s5LSmexLO7U1khOGuiSSfYjpP3U7SNXTOM7UvMW6runBOt3Dr/WdcQASCFlBJIk2nxtE260QZI30ZZqetCsg2hmw2gS8+qxAH79/PZUD4uKZN8VqWJlCL7TDCNVSVDhRDI/pIRfz3rAKqPl0Ut7bf8HZ8j7VuMsUyANAxxJnRN8RUDnd2nJ5AZoyxniBay4oEnuEDLIXy0ZBMGBxYQikX0= demonium@Debian\n"
            },
            "metadata_options": [
              {
                "aws_v1_http_endpoint": 1,
                "aws_v1_http_token": 2,
                "gce_http_endpoint": 1,
                "gce_http_token": 1
              }
            ],
            "name": "agent-02",
            "network_acceleration_type": "standard",
            "network_interface": [
              {
                "dns_record": [],
                "index": 0,
                "ip_address": "192.168.101.29",
                "ipv4": true,
                "ipv6": false,
                "ipv6_address": "",
                "ipv6_dns_record": [],
                "mac_address": "d0:0d:19:12:3a:a3",
                "nat": true,
                "nat_dns_record": [],
                "nat_ip_address": "84.201.172.173",
                "nat_ip_version": "IPV4",
                "security_group_ids": [],
                "subnet_id": "e9bm0rdm9ie40v0cmkbg"
              }
            ],
            "placement_policy": [
              {
                "host_affinity_rules": [],
                "placement_group_id": ""
              }
            ],
            "platform_id": "standard-v1",
            "resources": [
              {
                "core_fraction": 100,
                "cores": 2,
                "gpus": 0,
                "memory": 2
              }
            ],
            "scheduling_policy": [
              {
                "preemptible": false
              }
            ],
            "secondary_disk": [],
            "service_account_id": "",
            "status": "running",
            "timeouts": null,
            "zone": "ru-central1-a"
          },
          "sensitive_attributes": [],
          "private": "eyJlMmJmYjczMC1lY2FhLTExZTYtOGY4OC0zNDM2M2JjN2M0YzAiOnsiY3JlYXRlIjozMDAwMDAwMDAwMDAsImRlbGV0ZSI6MzAwMDAwMDAwMDAwLCJ1cGRhdGUiOjMwMDAwMDAwMDAwMH0sInNjaGVtYV92ZXJzaW9uIjoiMSJ9",
          "dependencies": [
            "yandex_vpc_subnet.default"
          ]
        },
        {
          "index_key": 2,
          "schema_version": 1,
          "attributes": {
            "allow_recreate": null,
            "allow_stopping_for_update": true,
            "boot_disk": [
              {
                "auto_delete": true,
                "device_name": "fhmt2dj583t5knom3lhv",
                "disk_id": "fhmt2dj583t5knom3lhv",
                "initialize_params": [
                  {
                    "block_size": 4096,
                    "description": "",
                    "image_id": "fd8ff13fags9d90adpqu",
                    "name": "",
                    "size": 20,
                    "snapshot_id": "",
                    "type": "network-hdd"
                  }
                ],
                "mode": "READ_WRITE"
              }
            ],
            "created_at": "2023-09-10T01:40:24Z",
            "description": "",
            "filesystem": [],
            "folder_id": "b1gbcs2gb2i1shuj0hm7",
            "fqdn": "agent-03.ru-central1.internal",
            "gpu_cluster_id": "",
            "hostname": "agent-03",
            "id": "fhmlkpok7ogfleema4io",
            "labels": null,
            "local_disk": [],
            "metadata": {
              "ssh-keys": "cloud-user:ssh-rsa AAAAB3NzaC1yc2EAAAADAQABAAABgQDK3fAlai99a/pGYooYwmISWbJrwhdhDdBBdB3bfPzOmxXNP+XBWAgeE9LiBFag6YwAIpx3Bs4jhw4Zqdwa3oy+LfrtUoh8nnxvDQE9uZ8YMte9wbfsecGbVuSo0ImdiSOYcLynjeYqfLWn3wqbw2d/zqV5hzdHv1UlOw+PimBMyNrxv8yRaj57bny68fzeOam31HTBFFnAZ3hMJlI3M8sXLp3EeaItYLOy57DVtAQ+tX+DHfPAjkQYZx/fJQuXCKNe3pMOnc/pFFrgpjfPxAypVsiCVCqx8LGG6nG4pW1g6s5LSmexLO7U1khOGuiSSfYjpP3U7SNXTOM7UvMW6runBOt3Dr/WdcQASCFlBJIk2nxtE260QZI30ZZqetCsg2hmw2gS8+qxAH79/PZUD4uKZN8VqWJlCL7TDCNVSVDhRDI/pIRfz3rAKqPl0Ut7bf8HZ8j7VuMsUyANAxxJnRN8RUDnd2nJ5AZoyxniBay4oEnuEDLIXy0ZBMGBxYQikX0= demonium@Debian\n"
            },
            "metadata_options": [
              {
                "aws_v1_http_endpoint": 1,
                "aws_v1_http_token": 2,
                "gce_http_endpoint": 1,
                "gce_http_token": 1
              }
            ],
            "name": "agent-03",
            "network_acceleration_type": "standard",
            "network_interface": [
              {
                "dns_record": [],
                "index": 0,
                "ip_address": "192.168.101.37",
                "ipv4": true,
                "ipv6": false,
                "ipv6_address": "",
                "ipv6_dns_record": [],
                "mac_address": "d0:0d:15:a6:71:43",
                "nat": true,
                "nat_dns_record": [],
                "nat_ip_address": "62.84.116.217",
                "nat_ip_version": "IPV4",
                "security_group_ids": [],
                "subnet_id": "e9bm0rdm9ie40v0cmkbg"
              }
            ],
            "placement_policy": [
              {
                "host_affinity_rules": [],
                "placement_group_id": ""
              }
            ],
            "platform_id": "standard-v1",
            "resources": [
              {
                "core_fraction": 100,
                "cores": 2,
                "gpus": 0,
                "memory": 2
              }
            ],
            "scheduling_policy": [
              {
                "preemptible": false
              }
            ],
            "secondary_disk": [],
            "service_account_id": "",
            "status": "running",
            "timeouts": null,
            "zone": "ru-central1-a"
          },
          "sensitive_attributes": [],
          "private": "eyJlMmJmYjczMC1lY2FhLTExZTYtOGY4OC0zNDM2M2JjN2M0YzAiOnsiY3JlYXRlIjozMDAwMDAwMDAwMDAsImRlbGV0ZSI6MzAwMDAwMDAwMDAwLCJ1cGRhdGUiOjMwMDAwMDAwMDAwMH0sInNjaGVtYV92ZXJzaW9uIjoiMSJ9",
          "dependencies": [
            "yandex_vpc_subnet.default"
          ]
        }
      ]
    },
    {
      "mode": "managed",
      "type": "yandex_compute_instance",
      "name": "manager",
      "provider": "provider[\"registry.terraform.io/yandex-cloud/yandex\"]",
      "instances": [
        {
          "index_key": 0,
          "schema_version": 1,
          "attributes": {
            "allow_recreate": null,
            "allow_stopping_for_update": true,
            "boot_disk": [
              {
                "auto_delete": true,
                "device_name": "fhmqfo3tbb6aghflrbjp",
                "disk_id": "fhmqfo3tbb6aghflrbjp",
                "initialize_params": [
                  {
                    "block_size": 4096,
                    "description": "",
                    "image_id": "fd8ff13fags9d90adpqu",
                    "name": "",
                    "size": 20,
                    "snapshot_id": "",
                    "type": "network-hdd"
                  }
                ],
                "mode": "READ_WRITE"
              }
            ],
            "created_at": "2023-09-10T01:40:24Z",
            "description": "",
            "filesystem": [],
            "folder_id": "b1gbcs2gb2i1shuj0hm7",
            "fqdn": "manager-01.ru-central1.internal",
            "gpu_cluster_id": "",
            "hostname": "manager-01",
            "id": "fhmmejj2qcsei9lmv7jf",
            "labels": null,
            "local_disk": [],
            "metadata": {
              "ssh-keys": "cloud-user:ssh-rsa AAAAB3NzaC1yc2EAAAADAQABAAABgQDK3fAlai99a/pGYooYwmISWbJrwhdhDdBBdB3bfPzOmxXNP+XBWAgeE9LiBFag6YwAIpx3Bs4jhw4Zqdwa3oy+LfrtUoh8nnxvDQE9uZ8YMte9wbfsecGbVuSo0ImdiSOYcLynjeYqfLWn3wqbw2d/zqV5hzdHv1UlOw+PimBMyNrxv8yRaj57bny68fzeOam31HTBFFnAZ3hMJlI3M8sXLp3EeaItYLOy57DVtAQ+tX+DHfPAjkQYZx/fJQuXCKNe3pMOnc/pFFrgpjfPxAypVsiCVCqx8LGG6nG4pW1g6s5LSmexLO7U1khOGuiSSfYjpP3U7SNXTOM7UvMW6runBOt3Dr/WdcQASCFlBJIk2nxtE260QZI30ZZqetCsg2hmw2gS8+qxAH79/PZUD4uKZN8VqWJlCL7TDCNVSVDhRDI/pIRfz3rAKqPl0Ut7bf8HZ8j7VuMsUyANAxxJnRN8RUDnd2nJ5AZoyxniBay4oEnuEDLIXy0ZBMGBxYQikX0= demonium@Debian\n"
            },
            "metadata_options": [
              {
                "aws_v1_http_endpoint": 1,
                "aws_v1_http_token": 2,
                "gce_http_endpoint": 1,
                "gce_http_token": 1
              }
            ],
            "name": "manager-01",
            "network_acceleration_type": "standard",
            "network_interface": [
              {
                "dns_record": [],
                "index": 0,
                "ip_address": "192.168.101.10",
                "ipv4": true,
                "ipv6": false,
                "ipv6_address": "",
                "ipv6_dns_record": [],
                "mac_address": "d0:0d:16:74:e6:2d",
                "nat": true,
                "nat_dns_record": [],
                "nat_ip_address": "158.160.57.36",
                "nat_ip_version": "IPV4",
                "security_group_ids": [],
                "subnet_id": "e9bm0rdm9ie40v0cmkbg"
              }
            ],
            "placement_policy": [
              {
                "host_affinity_rules": [],
                "placement_group_id": ""
              }
            ],
            "platform_id": "standard-v1",
            "resources": [
              {
                "core_fraction": 100,
                "cores": 2,
                "gpus": 0,
                "memory": 2
              }
            ],
            "scheduling_policy": [
              {
                "preemptible": false
              }
            ],
            "secondary_disk": [],
            "service_account_id": "",
            "status": "running",
            "timeouts": null,
            "zone": "ru-central1-a"
          },
          "sensitive_attributes": [],
          "private": "eyJlMmJmYjczMC1lY2FhLTExZTYtOGY4OC0zNDM2M2JjN2M0YzAiOnsiY3JlYXRlIjozMDAwMDAwMDAwMDAsImRlbGV0ZSI6MzAwMDAwMDAwMDAwLCJ1cGRhdGUiOjMwMDAwMDAwMDAwMH0sInNjaGVtYV92ZXJzaW9uIjoiMSJ9",
          "dependencies": [
            "yandex_vpc_subnet.default"
          ]
        },
        {
          "index_key": 1,
          "schema_version": 1,
          "attributes": {
            "allow_recreate": null,
            "allow_stopping_for_update": true,
            "boot_disk": [
              {
                "auto_delete": true,
                "device_name": "fhmtkfvobk1q9sgjsbob",
                "disk_id": "fhmtkfvobk1q9sgjsbob",
                "initialize_params": [
                  {
                    "block_size": 4096,
                    "description": "",
                    "image_id": "fd8ff13fags9d90adpqu",
                    "name": "",
                    "size": 20,
                    "snapshot_id": "",
                    "type": "network-hdd"
                  }
                ],
                "mode": "READ_WRITE"
              }
            ],
            "created_at": "2023-09-10T01:40:25Z",
            "description": "",
            "filesystem": [],
            "folder_id": "b1gbcs2gb2i1shuj0hm7",
            "fqdn": "manager-02.ru-central1.internal",
            "gpu_cluster_id": "",
            "hostname": "manager-02",
            "id": "fhmto0b1k3ahe7rtc6vp",
            "labels": null,
            "local_disk": [],
            "metadata": {
              "ssh-keys": "cloud-user:ssh-rsa AAAAB3NzaC1yc2EAAAADAQABAAABgQDK3fAlai99a/pGYooYwmISWbJrwhdhDdBBdB3bfPzOmxXNP+XBWAgeE9LiBFag6YwAIpx3Bs4jhw4Zqdwa3oy+LfrtUoh8nnxvDQE9uZ8YMte9wbfsecGbVuSo0ImdiSOYcLynjeYqfLWn3wqbw2d/zqV5hzdHv1UlOw+PimBMyNrxv8yRaj57bny68fzeOam31HTBFFnAZ3hMJlI3M8sXLp3EeaItYLOy57DVtAQ+tX+DHfPAjkQYZx/fJQuXCKNe3pMOnc/pFFrgpjfPxAypVsiCVCqx8LGG6nG4pW1g6s5LSmexLO7U1khOGuiSSfYjpP3U7SNXTOM7UvMW6runBOt3Dr/WdcQASCFlBJIk2nxtE260QZI30ZZqetCsg2hmw2gS8+qxAH79/PZUD4uKZN8VqWJlCL7TDCNVSVDhRDI/pIRfz3rAKqPl0Ut7bf8HZ8j7VuMsUyANAxxJnRN8RUDnd2nJ5AZoyxniBay4oEnuEDLIXy0ZBMGBxYQikX0= demonium@Debian\n"
            },
            "metadata_options": [
              {
                "aws_v1_http_endpoint": 1,
                "aws_v1_http_token": 2,
                "gce_http_endpoint": 1,
                "gce_http_token": 1
              }
            ],
            "name": "manager-02",
            "network_acceleration_type": "standard",
            "network_interface": [
              {
                "dns_record": [],
                "index": 0,
                "ip_address": "192.168.101.26",
                "ipv4": true,
                "ipv6": false,
                "ipv6_address": "",
                "ipv6_dns_record": [],
                "mac_address": "d0:0d:1d:c0:16:1a",
                "nat": true,
                "nat_dns_record": [],
                "nat_ip_address": "158.160.50.36",
                "nat_ip_version": "IPV4",
                "security_group_ids": [],
                "subnet_id": "e9bm0rdm9ie40v0cmkbg"
              }
            ],
            "placement_policy": [
              {
                "host_affinity_rules": [],
                "placement_group_id": ""
              }
            ],
            "platform_id": "standard-v1",
            "resources": [
              {
                "core_fraction": 100,
                "cores": 2,
                "gpus": 0,
                "memory": 2
              }
            ],
            "scheduling_policy": [
              {
                "preemptible": false
              }
            ],
            "secondary_disk": [],
            "service_account_id": "",
            "status": "running",
            "timeouts": null,
            "zone": "ru-central1-a"
          },
          "sensitive_attributes": [],
          "private": "eyJlMmJmYjczMC1lY2FhLTExZTYtOGY4OC0zNDM2M2JjN2M0YzAiOnsiY3JlYXRlIjozMDAwMDAwMDAwMDAsImRlbGV0ZSI6MzAwMDAwMDAwMDAwLCJ1cGRhdGUiOjMwMDAwMDAwMDAwMH0sInNjaGVtYV92ZXJzaW9uIjoiMSJ9",
          "dependencies": [
            "yandex_vpc_subnet.default"
          ]
        },
        {
          "index_key": 2,
          "schema_version": 1,
          "attributes": {
            "allow_recreate": null,
            "allow_stopping_for_update": true,
            "boot_disk": [
              {
                "auto_delete": true,
                "device_name": "fhm2qmc45m505ocn5049",
                "disk_id": "fhm2qmc45m505ocn5049",
                "initialize_params": [
                  {
                    "block_size": 4096,
                    "description": "",
                    "image_id": "fd8ff13fags9d90adpqu",
                    "name": "",
                    "size": 20,
                    "snapshot_id": "",
                    "type": "network-hdd"
                  }
                ],
                "mode": "READ_WRITE"
              }
            ],
            "created_at": "2023-09-10T01:40:24Z",
            "description": "",
            "filesystem": [],
            "folder_id": "b1gbcs2gb2i1shuj0hm7",
            "fqdn": "manager-03.ru-central1.internal",
            "gpu_cluster_id": "",
            "hostname": "manager-03",
            "id": "fhm1qvnq10tk8jivmh4r",
            "labels": null,
            "local_disk": [],
            "metadata": {
              "ssh-keys": "cloud-user:ssh-rsa AAAAB3NzaC1yc2EAAAADAQABAAABgQDK3fAlai99a/pGYooYwmISWbJrwhdhDdBBdB3bfPzOmxXNP+XBWAgeE9LiBFag6YwAIpx3Bs4jhw4Zqdwa3oy+LfrtUoh8nnxvDQE9uZ8YMte9wbfsecGbVuSo0ImdiSOYcLynjeYqfLWn3wqbw2d/zqV5hzdHv1UlOw+PimBMyNrxv8yRaj57bny68fzeOam31HTBFFnAZ3hMJlI3M8sXLp3EeaItYLOy57DVtAQ+tX+DHfPAjkQYZx/fJQuXCKNe3pMOnc/pFFrgpjfPxAypVsiCVCqx8LGG6nG4pW1g6s5LSmexLO7U1khOGuiSSfYjpP3U7SNXTOM7UvMW6runBOt3Dr/WdcQASCFlBJIk2nxtE260QZI30ZZqetCsg2hmw2gS8+qxAH79/PZUD4uKZN8VqWJlCL7TDCNVSVDhRDI/pIRfz3rAKqPl0Ut7bf8HZ8j7VuMsUyANAxxJnRN8RUDnd2nJ5AZoyxniBay4oEnuEDLIXy0ZBMGBxYQikX0= demonium@Debian\n"
            },
            "metadata_options": [
              {
                "aws_v1_http_endpoint": 1,
                "aws_v1_http_token": 2,
                "gce_http_endpoint": 1,
                "gce_http_token": 1
              }
            ],
            "name": "manager-03",
            "network_acceleration_type": "standard",
            "network_interface": [
              {
                "dns_record": [],
                "index": 0,
                "ip_address": "192.168.101.18",
                "ipv4": true,
                "ipv6": false,
                "ipv6_address": "",
                "ipv6_dns_record": [],
                "mac_address": "d0:0d:1d:7e:fa:08",
                "nat": true,
                "nat_dns_record": [],
                "nat_ip_address": "62.84.124.20",
                "nat_ip_version": "IPV4",
                "security_group_ids": [],
                "subnet_id": "e9bm0rdm9ie40v0cmkbg"
              }
            ],
            "placement_policy": [
              {
                "host_affinity_rules": [],
                "placement_group_id": ""
              }
            ],
            "platform_id": "standard-v1",
            "resources": [
              {
                "core_fraction": 100,
                "cores": 2,
                "gpus": 0,
                "memory": 2
              }
            ],
            "scheduling_policy": [
              {
                "preemptible": false
              }
            ],
            "secondary_disk": [],
            "service_account_id": "",
            "status": "running",
            "timeouts": null,
            "zone": "ru-central1-a"
          },
          "sensitive_attributes": [],
          "private": "eyJlMmJmYjczMC1lY2FhLTExZTYtOGY4OC0zNDM2M2JjN2M0YzAiOnsiY3JlYXRlIjozMDAwMDAwMDAwMDAsImRlbGV0ZSI6MzAwMDAwMDAwMDAwLCJ1cGRhdGUiOjMwMDAwMDAwMDAwMH0sInNjaGVtYV92ZXJzaW9uIjoiMSJ9",
          "dependencies": [
            "yandex_vpc_subnet.default"
          ]
        }
      ]
    },
    {
      "mode": "managed",
      "type": "yandex_vpc_network",
      "name": "default",
      "provider": "provider[\"registry.terraform.io/yandex-cloud/yandex\"]",
      "instances": [
        {
          "schema_version": 0,
          "attributes": {
            "created_at": "2023-09-01T11:27:35Z",
            "default_security_group_id": "",
            "description": "",
            "folder_id": "b1gbcs2gb2i1shuj0hm7",
            "id": "enpbv1e6j8v4kvpk1d1b",
            "labels": {},
            "name": "cloud-network",
            "subnet_ids": [
              "e9bm0rdm9ie40v0cmkbg"
            ],
            "timeouts": null
          },
          "sensitive_attributes": [],
          "private": "eyJlMmJmYjczMC1lY2FhLTExZTYtOGY4OC0zNDM2M2JjN2M0YzAiOnsiY3JlYXRlIjo2MDAwMDAwMDAwMCwiZGVsZXRlIjo2MDAwMDAwMDAwMCwidXBkYXRlIjo2MDAwMDAwMDAwMH19"
        }
      ]
    },
    {
      "mode": "managed",
      "type": "yandex_vpc_subnet",
      "name": "default",
      "provider": "provider[\"registry.terraform.io/yandex-cloud/yandex\"]",
      "instances": [
        {
          "schema_version": 0,
          "attributes": {
            "created_at": "2023-09-01T11:27:36Z",
            "description": "",
            "dhcp_options": [],
            "folder_id": "b1gbcs2gb2i1shuj0hm7",
            "id": "e9bm0rdm9ie40v0cmkbg",
            "labels": {},
            "name": "netology-subnet-a",
            "network_id": "enpbv1e6j8v4kvpk1d1b",
            "route_table_id": "",
            "timeouts": null,
            "v4_cidr_blocks": [
              "192.168.101.0/24"
            ],
            "v6_cidr_blocks": [],
            "zone": "ru-central1-a"
          },
          "sensitive_attributes": [],
          "private": "eyJlMmJmYjczMC1lY2FhLTExZTYtOGY4OC0zNDM2M2JjN2M0YzAiOnsiY3JlYXRlIjoxODAwMDAwMDAwMDAsImRlbGV0ZSI6MTgwMDAwMDAwMDAwLCJ1cGRhdGUiOjE4MDAwMDAwMDAwMH19",
          "dependencies": [
            "yandex_vpc_network.default"
          ]
        }
      ]
    }
  ],
  "check_results": null
}
